
Microsoft Visual Studio Solution File, Format Version 12.00
# Visual Studio Version 17
VisualStudioVersion = 17.3.32929.385
MinimumVisualStudioVersion = 10.0.40219.1
Project("{FAE04EC0-301F-11D3-BF4B-00C04F79EFBC}") = "DISENO", "DISENO\DISENO.csproj", "{14592580-F2D3-4D84-BF18-722D914EA6EB}"
EndProject
Global
	GlobalSection(SolutionConfigurationPlatforms) = preSolution
		Debug|Any CPU = Debug|Any CPU
		Release|Any CPU = Release|Any CPU
	EndGlobalSection
	GlobalSection(ProjectConfigurationPlatforms) = postSolution
		{14592580-F2D3-4D84-BF18-722D914EA6EB}.Debug|Any CPU.ActiveCfg = Debug|Any CPU
		{14592580-F2D3-4D84-BF18-722D914EA6EB}.Debug|Any CPU.Build.0 = Debug|Any CPU
		{14592580-F2D3-4D84-BF18-722D914EA6EB}.Release|Any CPU.ActiveCfg = Release|Any CPU
		{14592580-F2D3-4D84-BF18-722D914EA6EB}.Release|Any CPU.Build.0 = Release|Any CPU
	EndGlobalSection
	GlobalSection(SolutionProperties) = preSolution
		HideSolutionNode = FALSE
	EndGlobalSection
	GlobalSection(ExtensibilityGlobals) = postSolution
		SolutionGuid = {3F5F979C-B6F7-492E-87D9-87BC21629892}
	EndGlobalSection
EndGlobal
